
Microsoft Visual Studio Solution File, Format Version 12.00
# Visual Studio 15
VisualStudioVersion = 15.0.28307.1062
MinimumVisualStudioVersion = 10.0.40219.1
Project("{FAE04EC0-301F-11D3-BF4B-00C04F79EFBC}") = "GOST", "GOST\GOST.csproj", "{9904967E-200E-4777-A2C4-DB95F6349CC4}"
EndProject
Global
	GlobalSection(SolutionConfigurationPlatforms) = preSolution
		Debug|Any CPU = Debug|Any CPU
		Release|Any CPU = Release|Any CPU
	EndGlobalSection
	GlobalSection(ProjectConfigurationPlatforms) = postSolution
		{9904967E-200E-4777-A2C4-DB95F6349CC4}.Debug|Any CPU.ActiveCfg = Debug|Any CPU
		{9904967E-200E-4777-A2C4-DB95F6349CC4}.Debug|Any CPU.Build.0 = Debug|Any CPU
		{9904967E-200E-4777-A2C4-DB95F6349CC4}.Release|Any CPU.ActiveCfg = Release|Any CPU
		{9904967E-200E-4777-A2C4-DB95F6349CC4}.Release|Any CPU.Build.0 = Release|Any CPU
	EndGlobalSection
	GlobalSection(SolutionProperties) = preSolution
		HideSolutionNode = FALSE
	EndGlobalSection
	GlobalSection(ExtensibilityGlobals) = postSolution
		SolutionGuid = {E9E04969-1717-4B26-BF92-3FA1D78169AD}
	EndGlobalSection
EndGlobal
